
Microsoft Visual Studio Solution File, Format Version 12.00
# Visual Studio Version 17
VisualStudioVersion = 17.4.33122.133
MinimumVisualStudioVersion = 10.0.40219.1
Project("{FAE04EC0-301F-11D3-BF4B-00C04F79EFBC}") = "Day1", "Day1\Day1.csproj", "{A8B20160-F0FD-4814-AA62-E9A234000953}"
EndProject
Global
	GlobalSection(SolutionConfigurationPlatforms) = preSolution
		Debug|Any CPU = Debug|Any CPU
		Release|Any CPU = Release|Any CPU
	EndGlobalSection
	GlobalSection(ProjectConfigurationPlatforms) = postSolution
		{A8B20160-F0FD-4814-AA62-E9A234000953}.Debug|Any CPU.ActiveCfg = Debug|Any CPU
		{A8B20160-F0FD-4814-AA62-E9A234000953}.Debug|Any CPU.Build.0 = Debug|Any CPU
		{A8B20160-F0FD-4814-AA62-E9A234000953}.Release|Any CPU.ActiveCfg = Release|Any CPU
		{A8B20160-F0FD-4814-AA62-E9A234000953}.Release|Any CPU.Build.0 = Release|Any CPU
	EndGlobalSection
	GlobalSection(SolutionProperties) = preSolution
		HideSolutionNode = FALSE
	EndGlobalSection
	GlobalSection(ExtensibilityGlobals) = postSolution
		SolutionGuid = {FE0D5731-5AE3-4DD1-A68F-C0DCD93ABC5C}
	EndGlobalSection
EndGlobal
